<?xml version="1.0" encoding="utf-8"?>
<Project ToolsVersion="4.0" xmlns="http://schemas.microsoft.com/developer/msbuild/2003">
  <ItemGroup>
    <ClCompile Include="..\..\..\Src\Materials\PBRTv3\main.cpp" />
    <ClCompile Include="..\..\..\Src\ThirdParty\Bus\BusImpl.cpp" />
  </ItemGroup>
  <ItemGroup>
    <CustomBuild Include="..\..\..\Src\Materials\PBRTv3\Plastic.cu" />
    <CustomBuild Include="..\..\..\Src\Materials\PBRTv3\Microfact.cu" />
    <CustomBuild Include="..\..\..\Src\Materials\PBRTv3\BxDF.cu" />
    <CustomBuild Include="..\..\..\Src\Materials\PBRTv3\Fresnel.cu" />
  </ItemGroup>
  <ItemGroup>
    <ClInclude Include="..\..\..\Src\Materials\PBRTv3\Fresnel.hpp" />
    <ClInclude Include="..\..\..\Src\Materials\PBRTv3\BxDF.hpp" />
    <ClInclude Include="..\..\..\Src\Materials\PBRTv3\Microfact.hpp" />
  </ItemGroup>
</Project>