<?xml version="1.0" encoding="utf-8"?>
<Project ToolsVersion="4.0" xmlns="http://schemas.microsoft.com/developer/msbuild/2003">
  <ItemGroup>
    <ClCompile Include="..\..\Src\Piper\main.cpp" />
    <ClCompile Include="..\..\Src\Piper\PluginShared.cpp">
      <Filter>Shared</Filter>
    </ClCompile>
    <ClCompile Include="..\..\Src\Piper\CameraAdapter.cpp">
      <Filter>Adapters</Filter>
    </ClCompile>
    <ClCompile Include="..\..\Src\Piper\JsonConfig.cpp" />
    <ClCompile Include="..\..\Src\Piper\Renderer.cpp" />
    <ClCompile Include="..\..\Src\ThirdParty\Bus\BusImpl.cpp" />
  </ItemGroup>
  <ItemGroup>
    <ClInclude Include="..\..\Src\Piper\CameraAdapter.hpp">
      <Filter>Adapters</Filter>
    </ClInclude>
    <ClInclude Include="..\..\Src\Shared\CameraAPI.hpp">
      <Filter>Shared</Filter>
    </ClInclude>
    <ClInclude Include="..\..\Src\Shared\DriverAPI.hpp">
      <Filter>Shared</Filter>
    </ClInclude>
    <ClInclude Include="..\..\Src\Shared\GeometryAPI.hpp">
      <Filter>Shared</Filter>
    </ClInclude>
    <ClInclude Include="..\..\Src\Shared\IntegratorAPI.hpp">
      <Filter>Shared</Filter>
    </ClInclude>
    <ClInclude Include="..\..\Src\Shared\KernelShared.hpp">
      <Filter>Shared</Filter>
    </ClInclude>
    <ClInclude Include="..\..\Src\Shared\LightAPI.hpp">
      <Filter>Shared</Filter>
    </ClInclude>
    <ClInclude Include="..\..\Src\Shared\MaterialAPI.hpp">
      <Filter>Shared</Filter>
    </ClInclude>
    <ClInclude Include="..\..\Src\Shared\PluginShared.hpp">
      <Filter>Shared</Filter>
    </ClInclude>
    <ClInclude Include="..\..\Src\Shared\Shared.hpp">
      <Filter>Shared</Filter>
    </ClInclude>
    <ClInclude Include="..\..\Src\Shared\ConfigAPI.hpp">
      <Filter>Shared</Filter>
    </ClInclude>
    <ClInclude Include="..\..\Src\Shared\CommandAPI.hpp">
      <Filter>Shared</Filter>
    </ClInclude>
    <ClInclude Include="..\..\Src\Shared\OptixHelper.hpp">
      <Filter>Shared</Filter>
    </ClInclude>
    <ClInclude Include="..\..\Src\Shared\SamplerAPI.hpp">
      <Filter>Shared</Filter>
    </ClInclude>
  </ItemGroup>
  <ItemGroup>
    <Filter Include="Shared">
      <UniqueIdentifier>{c22b50c1-dca6-4552-9151-6b41c82effb1}</UniqueIdentifier>
    </Filter>
    <Filter Include="Adapters">
      <UniqueIdentifier>{fce739bd-a221-4b63-8676-cf71affb2686}</UniqueIdentifier>
    </Filter>
  </ItemGroup>
  <ItemGroup>
    <CustomBuild Include="..\..\Src\Piper\Default.cu" />
  </ItemGroup>
</Project>