<?xml version="1.0" encoding="utf-8"?>
<Project ToolsVersion="4.0" xmlns="http://schemas.microsoft.com/developer/msbuild/2003">
  <ItemGroup>
    <ClCompile Include="..\..\Src\Piper\main.cpp" />
    <ClCompile Include="..\..\Src\Piper\PluginShared.cpp">
      <Filter>Shared</Filter>
    </ClCompile>
    <ClCompile Include="..\..\Src\Piper\CameraAdapter.cpp">
      <Filter>Adapters</Filter>
    </ClCompile>
    <ClCompile Include="..\..\Src\Bus\BusSystem.cpp" />
  </ItemGroup>
  <ItemGroup>
    <ClInclude Include="..\..\Src\Cameras\CameraAPI.hpp">
      <Filter>API</Filter>
    </ClInclude>
    <ClInclude Include="..\..\Src\Materials\MaterialAPI.hpp">
      <Filter>API</Filter>
    </ClInclude>
    <ClInclude Include="..\..\Src\Drivers\DriverAPI.hpp">
      <Filter>API</Filter>
    </ClInclude>
    <ClInclude Include="..\..\Src\Lights\LightAPI.hpp">
      <Filter>API</Filter>
    </ClInclude>
    <ClInclude Include="..\..\Src\Integrators\IntegratorAPI.hpp">
      <Filter>API</Filter>
    </ClInclude>
    <ClInclude Include="..\..\Src\Piper\CameraAdapter.hpp">
      <Filter>Adapters</Filter>
    </ClInclude>
    <ClInclude Include="..\..\Src\Geometries\GeometryAPI.hpp">
      <Filter>API</Filter>
    </ClInclude>
  </ItemGroup>
  <ItemGroup>
    <Filter Include="API">
      <UniqueIdentifier>{1399b6e0-1bb8-4337-b1ed-1902274a1bb3}</UniqueIdentifier>
    </Filter>
    <Filter Include="Shared">
      <UniqueIdentifier>{c22b50c1-dca6-4552-9151-6b41c82effb1}</UniqueIdentifier>
    </Filter>
    <Filter Include="Adapters">
      <UniqueIdentifier>{fce739bd-a221-4b63-8676-cf71affb2686}</UniqueIdentifier>
    </Filter>
  </ItemGroup>
  <ItemGroup>
    <CustomBuild Include="..\..\Src\Piper\Default.cu" />
  </ItemGroup>
</Project>