<?xml version="1.0" encoding="utf-8"?>
<Project ToolsVersion="4.0" xmlns="http://schemas.microsoft.com/developer/msbuild/2003">
  <ItemGroup>
    <ClCompile Include="..\..\..\Src\Lights\SimpleLight\main.cpp" />
    <ClCompile Include="..\..\..\Src\ThirdParty\Bus\BusImpl.cpp" />
  </ItemGroup>
  <ItemGroup>
    <ClInclude Include="..\..\..\Src\Lights\SimpleLight\DataDesc.hpp" />
  </ItemGroup>
  <ItemGroup>
    <CustomBuild Include="..\..\..\Src\Lights\SimpleLight\DirLight.cu" />
  </ItemGroup>
  <ItemGroup>
    <None Include="..\..\..\src\Lights\SimpleLight\Constant.cu" />
  </ItemGroup>
</Project>